
Microsoft Visual Studio Solution File, Format Version 12.00
# Visual Studio Version 16
VisualStudioVersion = 16.0.28922.388
MinimumVisualStudioVersion = 10.0.40219.1
Project("{FAE04EC0-301F-11D3-BF4B-00C04F79EFBC}") = "BoubuWebApp", "BoubuWebApp\BoubuWebApp.csproj", "{83DF974B-17ED-4FDE-8959-EBAD6660BE7F}"
EndProject
Global
	GlobalSection(SolutionConfigurationPlatforms) = preSolution
		Debug|Any CPU = Debug|Any CPU
		Release|Any CPU = Release|Any CPU
	EndGlobalSection
	GlobalSection(ProjectConfigurationPlatforms) = postSolution
		{83DF974B-17ED-4FDE-8959-EBAD6660BE7F}.Debug|Any CPU.ActiveCfg = Debug|Any CPU
		{83DF974B-17ED-4FDE-8959-EBAD6660BE7F}.Debug|Any CPU.Build.0 = Debug|Any CPU
		{83DF974B-17ED-4FDE-8959-EBAD6660BE7F}.Release|Any CPU.ActiveCfg = Release|Any CPU
		{83DF974B-17ED-4FDE-8959-EBAD6660BE7F}.Release|Any CPU.Build.0 = Release|Any CPU
	EndGlobalSection
	GlobalSection(SolutionProperties) = preSolution
		HideSolutionNode = FALSE
	EndGlobalSection
	GlobalSection(ExtensibilityGlobals) = postSolution
		SolutionGuid = {55ACB596-7988-4FF0-B4D6-C65E3B4D6D87}
	EndGlobalSection
EndGlobal
